{
  "requires": true,
  "lockfileVersion": 1,
  "dependencies": {
    "trumbowyg": {
      "version": "2.24.0",
      "resolved": "https://registry.npmjs.org/trumbowyg/-/trumbowyg-2.24.0.tgz",
      "integrity": "sha512-arH0+yBOQxW3r8iCDdmczq51L0CwI7N6LBHJrkJZbMaNjxNP52u8xHpnYf5V1N5jIfPyEggXBbSFF2i/iGDY2A=="
    }
  }
}
